
Microsoft Visual Studio Solution File, Format Version 12.00
# Visual Studio 2013
VisualStudioVersion = 12.0.21005.1
MinimumVisualStudioVersion = 10.0.40219.1
Project("{FAE04EC0-301F-11D3-BF4B-00C04F79EFBC}") = "HearthStormWeb", "HearthStorm\HearthStormWeb.csproj", "{0C0DD306-13BA-4FB6-A878-86F81E5964DD}"
EndProject
Project("{FAE04EC0-301F-11D3-BF4B-00C04F79EFBC}") = "HearthStorm.Models", "..\HearthStorm.Models\HearthStorm.Models.csproj", "{4F44167E-41DE-4C4E-B13D-7C0B9D468C75}"
EndProject
Global
	GlobalSection(SolutionConfigurationPlatforms) = preSolution
		Debug|Any CPU = Debug|Any CPU
		Release|Any CPU = Release|Any CPU
	EndGlobalSection
	GlobalSection(ProjectConfigurationPlatforms) = postSolution
		{0C0DD306-13BA-4FB6-A878-86F81E5964DD}.Debug|Any CPU.ActiveCfg = Debug|Any CPU
		{0C0DD306-13BA-4FB6-A878-86F81E5964DD}.Debug|Any CPU.Build.0 = Debug|Any CPU
		{0C0DD306-13BA-4FB6-A878-86F81E5964DD}.Release|Any CPU.ActiveCfg = Release|Any CPU
		{0C0DD306-13BA-4FB6-A878-86F81E5964DD}.Release|Any CPU.Build.0 = Release|Any CPU
		{4F44167E-41DE-4C4E-B13D-7C0B9D468C75}.Debug|Any CPU.ActiveCfg = Debug|Any CPU
		{4F44167E-41DE-4C4E-B13D-7C0B9D468C75}.Debug|Any CPU.Build.0 = Debug|Any CPU
		{4F44167E-41DE-4C4E-B13D-7C0B9D468C75}.Release|Any CPU.ActiveCfg = Release|Any CPU
		{4F44167E-41DE-4C4E-B13D-7C0B9D468C75}.Release|Any CPU.Build.0 = Release|Any CPU
	EndGlobalSection
	GlobalSection(SolutionProperties) = preSolution
		HideSolutionNode = FALSE
	EndGlobalSection
EndGlobal
